{
  "requires": true,
  "lockfileVersion": 1,
  "dependencies": {
    "@protobufjs/utf8": {
      "version": "1.1.0",
      "resolved": "http://registry.npm.taobao.org/@protobufjs/utf8/download/@protobufjs/utf8-1.1.0.tgz",
      "dev": true
    },
    "assemblyscript": {
      "version": "github:AssemblyScript/assemblyscript#d5f72e32d7e99cec3f8c37e6bb2916864706f4f0",
      "from": "github:AssemblyScript/assemblyscript",
      "dev": true,
      "requires": {
        "@protobufjs/utf8": "^1.1.0",
        "binaryen": "55.0.0-nightly.20181130",
        "glob": "^7.1.3",
        "long": "^4.0.0"
      }
    },
    "binaryen": {
      "version": "55.0.0-nightly.20181130",
      "resolved": "http://registry.npm.taobao.org/binaryen/download/binaryen-55.0.0-nightly.20181130.tgz",
      "dev": true
    },
    "fs.realpath": {
      "version": "1.0.0",
      "resolved": "http://registry.npm.taobao.org/fs.realpath/download/fs.realpath-1.0.0.tgz",
      "dev": true
    },
    "glob": {
      "version": "7.1.3",
      "resolved": "http://registry.npm.taobao.org/glob/download/glob-7.1.3.tgz",
      "dev": true,
      "requires": {
        "fs.realpath": "^1.0.0"
      },
      "dependencies": {
        "fs.realpath": {
          "version": "http://registry.npm.taobao.org/fs.realpath/download/fs.realpath-1.0.0.tgz",
          "bundled": true
        },
        "inflight": {
          "version": "http://registry.npm.taobao.org/inflight/download/inflight-1.0.6.tgz",
          "bundled": true
        },
        "inherits": {
          "version": "http://registry.npm.taobao.org/inherits/download/inherits-2.0.3.tgz",
          "bundled": true
        },
        "minimatch": {
          "version": "http://registry.npm.taobao.org/minimatch/download/minimatch-3.0.4.tgz",
          "bundled": true
        },
        "once": {
          "version": "http://registry.npm.taobao.org/once/download/once-1.4.0.tgz",
          "bundled": true,
          "dependencies": {
            "wrappy": {
              "version": "http://registry.npm.taobao.org/wrappy/download/wrappy-1.0.2.tgz",
              "bundled": true
            }
          }
        },
        "path-is-absolute": {
          "version": "http://registry.npm.taobao.org/path-is-absolute/download/path-is-absolute-1.0.1.tgz",
          "bundled": true
        }
      }
    },
    "long": {
      "version": "4.0.0",
      "resolved": "http://registry.npm.taobao.org/long/download/long-4.0.0.tgz",
      "dev": true
    }
  }
}
